// !$*UTF8*$!
{
	archiveVersion = 1;
	classes = {
	};
	objectVersion = 46;
	objects = {

/* Begin PBXBuildFile section */
		1C878B0718CDDACE00BEAC6B /* ICMapViewController.m in Sources */ = {isa = PBXBuildFile; fileRef = 1C878B0618CDDACE00BEAC6B /* ICMapViewController.m */; };
		1C878B0918CDDB3B00BEAC6B /* MapKit.framework in Frameworks */ = {isa = PBXBuildFile; fileRef = 1C878B0818CDDB3B00BEAC6B /* MapKit.framework */; };
		1C878B0D18CDDFF100BEAC6B /* ICMap.m in Sources */ = {isa = PBXBuildFile; fileRef = 1C878B0C18CDDFF100BEAC6B /* ICMap.m */; };
		9508477F18658760008A4571 /* ICBusStationView.m in Sources */ = {isa = PBXBuildFile; fileRef = 9508477E18658760008A4571 /* ICBusStationView.m */; };
		952B5BFB1863FDBA009DDBB5 /* ICBusStationListCell.m in Sources */ = {isa = PBXBuildFile; fileRef = 952B5BFA1863FDBA009DDBB5 /* ICBusStationListCell.m */; };
		957279AB1867375D007F3F01 /* ICSchoolListViewController.m in Sources */ = {isa = PBXBuildFile; fileRef = 957279AA1867375D007F3F01 /* ICSchoolListViewController.m */; };
		957279AE18673D45007F3F01 /* ICSchoolDetailViewController.m in Sources */ = {isa = PBXBuildFile; fileRef = 957279AD18673D45007F3F01 /* ICSchoolDetailViewController.m */; };
		957279B418674602007F3F01 /* ICSchoolCell.m in Sources */ = {isa = PBXBuildFile; fileRef = 957279B318674602007F3F01 /* ICSchoolCell.m */; };
		957279BA1867552A007F3F01 /* ICSchoolDetailView.m in Sources */ = {isa = PBXBuildFile; fileRef = 957279B91867552A007F3F01 /* ICSchoolDetailView.m */; };
		95798EA3186285080049CF77 /* KICamera.png in Resources */ = {isa = PBXBuildFile; fileRef = 95798E9F186285080049CF77 /* KICamera.png */; };
		95798EA4186285080049CF77 /* KICamera@2x.png in Resources */ = {isa = PBXBuildFile; fileRef = 95798EA0186285080049CF77 /* KICamera@2x.png */; };
		95798EA5186285080049CF77 /* KIImagePager.m in Sources */ = {isa = PBXBuildFile; fileRef = 95798EA2186285080049CF77 /* KIImagePager.m */; };
		95798F331863093C0049CF77 /* ICBusCell.m in Sources */ = {isa = PBXBuildFile; fileRef = 95798F321863093C0049CF77 /* ICBusCell.m */; };
		95A000AA1861F4CD008B18BD /* ICAppDelegate.m in Sources */ = {isa = PBXBuildFile; fileRef = 95A000A71861F4CD008B18BD /* ICAppDelegate.m */; };
		95A000AE1861F504008B18BD /* Main.storyboard in Resources */ = {isa = PBXBuildFile; fileRef = 95A000AC1861F504008B18BD /* Main.storyboard */; };
		95A000B01861F927008B18BD /* AudioToolbox.framework in Frameworks */ = {isa = PBXBuildFile; fileRef = 95A000AF1861F927008B18BD /* AudioToolbox.framework */; };
		95A000B618620B91008B18BD /* LICENSE in Resources */ = {isa = PBXBuildFile; fileRef = 95A000B518620B91008B18BD /* LICENSE */; };
		95A000D9186214FA008B18BD /* ICBus.m in Sources */ = {isa = PBXBuildFile; fileRef = 95A000C9186214FA008B18BD /* ICBus.m */; };
		95A000DA186214FA008B18BD /* ICBusList.m in Sources */ = {isa = PBXBuildFile; fileRef = 95A000CB186214FA008B18BD /* ICBusList.m */; };
		95A000DB186214FA008B18BD /* ICBusListArray.m in Sources */ = {isa = PBXBuildFile; fileRef = 95A000CD186214FA008B18BD /* ICBusListArray.m */; };
		95A000DC186214FA008B18BD /* ICBusStation.m in Sources */ = {isa = PBXBuildFile; fileRef = 95A000CF186214FA008B18BD /* ICBusStation.m */; };
		95A000DD186214FA008B18BD /* ICBusStationList.m in Sources */ = {isa = PBXBuildFile; fileRef = 95A000D1186214FA008B18BD /* ICBusStationList.m */; };
		95A000DE186214FA008B18BD /* ICSchool.m in Sources */ = {isa = PBXBuildFile; fileRef = 95A000D4186214FA008B18BD /* ICSchool.m */; };
		95A000DF186214FA008B18BD /* ICSchoolDetail.m in Sources */ = {isa = PBXBuildFile; fileRef = 95A000D6186214FA008B18BD /* ICSchoolDetail.m */; };
		95A000E0186214FA008B18BD /* ICSchoolList.m in Sources */ = {isa = PBXBuildFile; fileRef = 95A000D8186214FA008B18BD /* ICSchoolList.m */; };
		95A000EA186218A0008B18BD /* ICNewsCell.m in Sources */ = {isa = PBXBuildFile; fileRef = 95A000E6186218A0008B18BD /* ICNewsCell.m */; };
		95A00100186227D0008B18BD /* ICNewsChannelCell.m in Sources */ = {isa = PBXBuildFile; fileRef = 95A000FF186227D0008B18BD /* ICNewsChannelCell.m */; };
		95A001071862388B008B18BD /* Base64.m in Sources */ = {isa = PBXBuildFile; fileRef = 95A001041862388B008B18BD /* Base64.m */; };
		95A001081862388B008B18BD /* NSString+RSA.m in Sources */ = {isa = PBXBuildFile; fileRef = 95A001061862388B008B18BD /* NSString+RSA.m */; };
		95A0010D18623ED1008B18BD /* ICNewsDetailView.m in Sources */ = {isa = PBXBuildFile; fileRef = 95A0010C18623ED1008B18BD /* ICNewsDetailView.m */; };
		95A001211862594E008B18BD /* ICBusViewController.m in Sources */ = {isa = PBXBuildFile; fileRef = 95A001111862594E008B18BD /* ICBusViewController.m */; };
		95A001221862594E008B18BD /* ICGateViewController.m in Sources */ = {isa = PBXBuildFile; fileRef = 95A001151862594E008B18BD /* ICGateViewController.m */; };
		95A001231862594E008B18BD /* ICNewsChannelViewController.m in Sources */ = {isa = PBXBuildFile; fileRef = 95A001191862594E008B18BD /* ICNewsChannelViewController.m */; };
		95A001241862594E008B18BD /* ICNewsDetailViewController.m in Sources */ = {isa = PBXBuildFile; fileRef = 95A0011B1862594E008B18BD /* ICNewsDetailViewController.m */; };
		95A001251862594E008B18BD /* ICNewsListViewController.m in Sources */ = {isa = PBXBuildFile; fileRef = 95A0011D1862594E008B18BD /* ICNewsListViewController.m */; };
		95AC70AC185F473300C94B71 /* ICCampus.m in Sources */ = {isa = PBXBuildFile; fileRef = 95AC7078185F473200C94B71 /* ICCampus.m */; };
		95AC70AD185F473300C94B71 /* ICCampusList.m in Sources */ = {isa = PBXBuildFile; fileRef = 95AC707A185F473200C94B71 /* ICCampusList.m */; };
		95AC70B2185F473300C94B71 /* ICNews.m in Sources */ = {isa = PBXBuildFile; fileRef = 95AC7086185F473200C94B71 /* ICNews.m */; };
		95AC70B3185F473300C94B71 /* ICNewsChannel.m in Sources */ = {isa = PBXBuildFile; fileRef = 95AC7088185F473200C94B71 /* ICNewsChannel.m */; };
		95AC70B4185F473300C94B71 /* ICNewsChannelList.m in Sources */ = {isa = PBXBuildFile; fileRef = 95AC708A185F473200C94B71 /* ICNewsChannelList.m */; };
		95AC70B5185F473300C94B71 /* ICNewsDetail.m in Sources */ = {isa = PBXBuildFile; fileRef = 95AC708C185F473200C94B71 /* ICNewsDetail.m */; };
		95AC70B6185F473300C94B71 /* ICNewsDetailAttachment.m in Sources */ = {isa = PBXBuildFile; fileRef = 95AC708E185F473200C94B71 /* ICNewsDetailAttachment.m */; };
		95AC70B7185F473300C94B71 /* ICNewsList.m in Sources */ = {isa = PBXBuildFile; fileRef = 95AC7090185F473200C94B71 /* ICNewsList.m */; };
		95AC70BE185F473300C94B71 /* ICUser.m in Sources */ = {isa = PBXBuildFile; fileRef = 95AC709F185F473200C94B71 /* ICUser.m */; };
		95AC70C1185F473300C94B71 /* ICYellowPage.m in Sources */ = {isa = PBXBuildFile; fileRef = 95AC70A8185F473300C94B71 /* ICYellowPage.m */; };
		95AC70C2185F473300C94B71 /* ICYellowPageContact.m in Sources */ = {isa = PBXBuildFile; fileRef = 95AC70AA185F473300C94B71 /* ICYellowPageContact.m */; };
		95E4852118940E8E006402FD /* ICYellowPageDepartment.m in Sources */ = {isa = PBXBuildFile; fileRef = 95E4852018940E8E006402FD /* ICYellowPageDepartment.m */; };
		95E4852418940FE9006402FD /* ICYellowPageDepartmentViewController.m in Sources */ = {isa = PBXBuildFile; fileRef = 95E4852318940FE9006402FD /* ICYellowPageDepartmentViewController.m */; };
		95E48527189411DC006402FD /* ICYellowPageDepartmentList.m in Sources */ = {isa = PBXBuildFile; fileRef = 95E48526189411DC006402FD /* ICYellowPageDepartmentList.m */; };
		95E4852A18941B75006402FD /* ICYellowPageDepartmentCell.m in Sources */ = {isa = PBXBuildFile; fileRef = 95E4852918941B75006402FD /* ICYellowPageDepartmentCell.m */; };
		95FF2841186ACBCD00B5C18A /* ICYellowPageListViewController.m in Sources */ = {isa = PBXBuildFile; fileRef = 95FF2840186ACBCD00B5C18A /* ICYellowPageListViewController.m */; };
		95FF2844186ACFD300B5C18A /* ICYellowPageContactCell.m in Sources */ = {isa = PBXBuildFile; fileRef = 95FF2843186ACFD300B5C18A /* ICYellowPageContactCell.m */; };
		A30D1DFD182A64BA00F35D4F /* Foundation.framework in Frameworks */ = {isa = PBXBuildFile; fileRef = A30D1DFC182A64BA00F35D4F /* Foundation.framework */; };
		A30D1DFF182A64BA00F35D4F /* CoreGraphics.framework in Frameworks */ = {isa = PBXBuildFile; fileRef = A30D1DFE182A64BA00F35D4F /* CoreGraphics.framework */; };
		A30D1E01182A64BA00F35D4F /* UIKit.framework in Frameworks */ = {isa = PBXBuildFile; fileRef = A30D1E00182A64BA00F35D4F /* UIKit.framework */; };
		A30D1E07182A64BA00F35D4F /* InfoPlist.strings in Resources */ = {isa = PBXBuildFile; fileRef = A30D1E05182A64BA00F35D4F /* InfoPlist.strings */; };
		A30D1E09182A64BA00F35D4F /* main.m in Sources */ = {isa = PBXBuildFile; fileRef = A30D1E08182A64BA00F35D4F /* main.m */; };
		A30D1E15182A64BA00F35D4F /* Images.xcassets in Resources */ = {isa = PBXBuildFile; fileRef = A30D1E14182A64BA00F35D4F /* Images.xcassets */; };
		A30D1E1C182A64BA00F35D4F /* XCTest.framework in Frameworks */ = {isa = PBXBuildFile; fileRef = A30D1E1B182A64BA00F35D4F /* XCTest.framework */; };
		A30D1E1D182A64BA00F35D4F /* Foundation.framework in Frameworks */ = {isa = PBXBuildFile; fileRef = A30D1DFC182A64BA00F35D4F /* Foundation.framework */; };
		A30D1E1E182A64BA00F35D4F /* UIKit.framework in Frameworks */ = {isa = PBXBuildFile; fileRef = A30D1E00182A64BA00F35D4F /* UIKit.framework */; };
		A30D1E26182A64BA00F35D4F /* InfoPlist.strings in Resources */ = {isa = PBXBuildFile; fileRef = A30D1E24182A64BA00F35D4F /* InfoPlist.strings */; };
		A30D1E28182A64BA00F35D4F /* iCampusTests.m in Sources */ = {isa = PBXBuildFile; fileRef = A30D1E27182A64BA00F35D4F /* iCampusTests.m */; };
		A320CA54183E353100BCA05F /* AFNetworkActivityIndicatorManager.m in Sources */ = {isa = PBXBuildFile; fileRef = A320CA46183E353100BCA05F /* AFNetworkActivityIndicatorManager.m */; };
		A320CA55183E353100BCA05F /* UIActivityIndicatorView+AFNetworking.m in Sources */ = {isa = PBXBuildFile; fileRef = A320CA48183E353100BCA05F /* UIActivityIndicatorView+AFNetworking.m */; };
		A320CA56183E353100BCA05F /* UIAlertView+AFNetworking.m in Sources */ = {isa = PBXBuildFile; fileRef = A320CA4A183E353100BCA05F /* UIAlertView+AFNetworking.m */; };
		A320CA57183E353100BCA05F /* UIButton+AFNetworking.m in Sources */ = {isa = PBXBuildFile; fileRef = A320CA4C183E353100BCA05F /* UIButton+AFNetworking.m */; };
		A320CA58183E353100BCA05F /* UIImageView+AFNetworking.m in Sources */ = {isa = PBXBuildFile; fileRef = A320CA4E183E353100BCA05F /* UIImageView+AFNetworking.m */; };
		A320CA59183E353100BCA05F /* UIProgressView+AFNetworking.m in Sources */ = {isa = PBXBuildFile; fileRef = A320CA51183E353100BCA05F /* UIProgressView+AFNetworking.m */; };
		A320CA5A183E353100BCA05F /* UIWebView+AFNetworking.m in Sources */ = {isa = PBXBuildFile; fileRef = A320CA53183E353100BCA05F /* UIWebView+AFNetworking.m */; };
		A320CA6F183E365D00BCA05F /* AFHTTPRequestOperation.m in Sources */ = {isa = PBXBuildFile; fileRef = A320CA5D183E365D00BCA05F /* AFHTTPRequestOperation.m */; };
		A320CA70183E365D00BCA05F /* AFHTTPRequestOperationManager.m in Sources */ = {isa = PBXBuildFile; fileRef = A320CA5F183E365D00BCA05F /* AFHTTPRequestOperationManager.m */; };
		A320CA71183E365D00BCA05F /* AFHTTPSessionManager.m in Sources */ = {isa = PBXBuildFile; fileRef = A320CA61183E365D00BCA05F /* AFHTTPSessionManager.m */; };
		A320CA72183E365D00BCA05F /* AFNetworkReachabilityManager.m in Sources */ = {isa = PBXBuildFile; fileRef = A320CA64183E365D00BCA05F /* AFNetworkReachabilityManager.m */; };
		A320CA73183E365D00BCA05F /* AFSecurityPolicy.m in Sources */ = {isa = PBXBuildFile; fileRef = A320CA66183E365D00BCA05F /* AFSecurityPolicy.m */; };
		A320CA74183E365D00BCA05F /* AFURLConnectionOperation.m in Sources */ = {isa = PBXBuildFile; fileRef = A320CA68183E365D00BCA05F /* AFURLConnectionOperation.m */; };
		A320CA75183E365D00BCA05F /* AFURLRequestSerialization.m in Sources */ = {isa = PBXBuildFile; fileRef = A320CA6A183E365D00BCA05F /* AFURLRequestSerialization.m */; };
		A320CA76183E365D00BCA05F /* AFURLResponseSerialization.m in Sources */ = {isa = PBXBuildFile; fileRef = A320CA6C183E365D00BCA05F /* AFURLResponseSerialization.m */; };
		A320CA77183E365D00BCA05F /* AFURLSessionManager.m in Sources */ = {isa = PBXBuildFile; fileRef = A320CA6E183E365D00BCA05F /* AFURLSessionManager.m */; };
		A3C8B5411830ED39007D569E /* MBProgressHUD.m in Sources */ = {isa = PBXBuildFile; fileRef = A3C8B5401830ED39007D569E /* MBProgressHUD.m */; };
		A3C8B5481830F6CF007D569E /* UIScrollView+SVInfiniteScrolling.m in Sources */ = {isa = PBXBuildFile; fileRef = A3C8B5451830F6CF007D569E /* UIScrollView+SVInfiniteScrolling.m */; };
		A3C8B5491830F6CF007D569E /* UIScrollView+SVPullToRefresh.m in Sources */ = {isa = PBXBuildFile; fileRef = A3C8B5471830F6CF007D569E /* UIScrollView+SVPullToRefresh.m */; };
/* End PBXBuildFile section */

/* Begin PBXContainerItemProxy section */
		A30D1E1F182A64BA00F35D4F /* PBXContainerItemProxy */ = {
			isa = PBXContainerItemProxy;
			containerPortal = A30D1DF1182A64BA00F35D4F /* Project object */;
			proxyType = 1;
			remoteGlobalIDString = A30D1DF8182A64BA00F35D4F;
			remoteInfo = iCampus;
		};
/* End PBXContainerItemProxy section */

/* Begin PBXFileReference section */
		1C878B0518CDDACE00BEAC6B /* ICMapViewController.h */ = {isa = PBXFileReference; fileEncoding = 4; lastKnownFileType = sourcecode.c.h; path = ICMapViewController.h; sourceTree = "<group>"; };
		1C878B0618CDDACE00BEAC6B /* ICMapViewController.m */ = {isa = PBXFileReference; fileEncoding = 4; lastKnownFileType = sourcecode.c.objc; path = ICMapViewController.m; sourceTree = "<group>"; };
		1C878B0818CDDB3B00BEAC6B /* MapKit.framework */ = {isa = PBXFileReference; lastKnownFileType = wrapper.framework; name = MapKit.framework; path = System/Library/Frameworks/MapKit.framework; sourceTree = SDKROOT; };
		1C878B0B18CDDFF100BEAC6B /* ICMap.h */ = {isa = PBXFileReference; fileEncoding = 4; lastKnownFileType = sourcecode.c.h; path = ICMap.h; sourceTree = "<group>"; };
		1C878B0C18CDDFF100BEAC6B /* ICMap.m */ = {isa = PBXFileReference; fileEncoding = 4; lastKnownFileType = sourcecode.c.objc; path = ICMap.m; sourceTree = "<group>"; };
		9508477D18658760008A4571 /* ICBusStationView.h */ = {isa = PBXFileReference; fileEncoding = 4; lastKnownFileType = sourcecode.c.h; path = ICBusStationView.h; sourceTree = "<group>"; };
		9508477E18658760008A4571 /* ICBusStationView.m */ = {isa = PBXFileReference; fileEncoding = 4; lastKnownFileType = sourcecode.c.objc; path = ICBusStationView.m; sourceTree = "<group>"; };
		952B5BF91863FDBA009DDBB5 /* ICBusStationListCell.h */ = {isa = PBXFileReference; fileEncoding = 4; lastKnownFileType = sourcecode.c.h; path = ICBusStationListCell.h; sourceTree = "<group>"; };
		952B5BFA1863FDBA009DDBB5 /* ICBusStationListCell.m */ = {isa = PBXFileReference; fileEncoding = 4; lastKnownFileType = sourcecode.c.objc; path = ICBusStationListCell.m; sourceTree = "<group>"; };
		957279A91867375D007F3F01 /* ICSchoolListViewController.h */ = {isa = PBXFileReference; fileEncoding = 4; lastKnownFileType = sourcecode.c.h; path = ICSchoolListViewController.h; sourceTree = "<group>"; };
		957279AA1867375D007F3F01 /* ICSchoolListViewController.m */ = {isa = PBXFileReference; fileEncoding = 4; lastKnownFileType = sourcecode.c.objc; path = ICSchoolListViewController.m; sourceTree = "<group>"; };
		957279AC18673D45007F3F01 /* ICSchoolDetailViewController.h */ = {isa = PBXFileReference; fileEncoding = 4; lastKnownFileType = sourcecode.c.h; path = ICSchoolDetailViewController.h; sourceTree = "<group>"; };
		957279AD18673D45007F3F01 /* ICSchoolDetailViewController.m */ = {isa = PBXFileReference; fileEncoding = 4; lastKnownFileType = sourcecode.c.objc; path = ICSchoolDetailViewController.m; sourceTree = "<group>"; };
		957279B218674602007F3F01 /* ICSchoolCell.h */ = {isa = PBXFileReference; fileEncoding = 4; lastKnownFileType = sourcecode.c.h; path = ICSchoolCell.h; sourceTree = "<group>"; };
		957279B318674602007F3F01 /* ICSchoolCell.m */ = {isa = PBXFileReference; fileEncoding = 4; lastKnownFileType = sourcecode.c.objc; path = ICSchoolCell.m; sourceTree = "<group>"; };
		957279B81867552A007F3F01 /* ICSchoolDetailView.h */ = {isa = PBXFileReference; fileEncoding = 4; lastKnownFileType = sourcecode.c.h; path = ICSchoolDetailView.h; sourceTree = "<group>"; };
		957279B91867552A007F3F01 /* ICSchoolDetailView.m */ = {isa = PBXFileReference; fileEncoding = 4; lastKnownFileType = sourcecode.c.objc; path = ICSchoolDetailView.m; sourceTree = "<group>"; };
		95798E9F186285080049CF77 /* KICamera.png */ = {isa = PBXFileReference; lastKnownFileType = image.png; path = KICamera.png; sourceTree = "<group>"; };
		95798EA0186285080049CF77 /* KICamera@2x.png */ = {isa = PBXFileReference; lastKnownFileType = image.png; path = "KICamera@2x.png"; sourceTree = "<group>"; };
		95798EA1186285080049CF77 /* KIImagePager.h */ = {isa = PBXFileReference; fileEncoding = 4; lastKnownFileType = sourcecode.c.h; path = KIImagePager.h; sourceTree = "<group>"; };
		95798EA2186285080049CF77 /* KIImagePager.m */ = {isa = PBXFileReference; fileEncoding = 4; lastKnownFileType = sourcecode.c.objc; path = KIImagePager.m; sourceTree = "<group>"; };
		95798F311863093C0049CF77 /* ICBusCell.h */ = {isa = PBXFileReference; fileEncoding = 4; lastKnownFileType = sourcecode.c.h; path = ICBusCell.h; sourceTree = "<group>"; };
		95798F321863093C0049CF77 /* ICBusCell.m */ = {isa = PBXFileReference; fileEncoding = 4; lastKnownFileType = sourcecode.c.objc; path = ICBusCell.m; sourceTree = "<group>"; };
		95A000A61861F4CD008B18BD /* ICAppDelegate.h */ = {isa = PBXFileReference; fileEncoding = 4; lastKnownFileType = sourcecode.c.h; path = ICAppDelegate.h; sourceTree = "<group>"; };
		95A000A71861F4CD008B18BD /* ICAppDelegate.m */ = {isa = PBXFileReference; fileEncoding = 4; lastKnownFileType = sourcecode.c.objc; path = ICAppDelegate.m; sourceTree = "<group>"; };
		95A000AD1861F504008B18BD /* Base */ = {isa = PBXFileReference; lastKnownFileType = file.storyboard; name = Base; path = Base.lproj/Main.storyboard; sourceTree = "<group>"; };
		95A000AF1861F927008B18BD /* AudioToolbox.framework */ = {isa = PBXFileReference; lastKnownFileType = wrapper.framework; name = AudioToolbox.framework; path = System/Library/Frameworks/AudioToolbox.framework; sourceTree = SDKROOT; };
		95A000B11861F927008B18BD /* iCampus.entitlements */ = {isa = PBXFileReference; lastKnownFileType = text.xml; path = iCampus.entitlements; sourceTree = "<group>"; };
		95A000B518620B91008B18BD /* LICENSE */ = {isa = PBXFileReference; fileEncoding = 4; lastKnownFileType = text; path = LICENSE; sourceTree = SOURCE_ROOT; };
		95A000C8186214FA008B18BD /* ICBus.h */ = {isa = PBXFileReference; fileEncoding = 4; lastKnownFileType = sourcecode.c.h; path = ICBus.h; sourceTree = "<group>"; };
		95A000C9186214FA008B18BD /* ICBus.m */ = {isa = PBXFileReference; fileEncoding = 4; lastKnownFileType = sourcecode.c.objc; path = ICBus.m; sourceTree = "<group>"; };
		95A000CA186214FA008B18BD /* ICBusList.h */ = {isa = PBXFileReference; fileEncoding = 4; lastKnownFileType = sourcecode.c.h; path = ICBusList.h; sourceTree = "<group>"; };
		95A000CB186214FA008B18BD /* ICBusList.m */ = {isa = PBXFileReference; fileEncoding = 4; lastKnownFileType = sourcecode.c.objc; path = ICBusList.m; sourceTree = "<group>"; };
		95A000CC186214FA008B18BD /* ICBusListArray.h */ = {isa = PBXFileReference; fileEncoding = 4; lastKnownFileType = sourcecode.c.h; path = ICBusListArray.h; sourceTree = "<group>"; };
		95A000CD186214FA008B18BD /* ICBusListArray.m */ = {isa = PBXFileReference; fileEncoding = 4; lastKnownFileType = sourcecode.c.objc; path = ICBusListArray.m; sourceTree = "<group>"; };
		95A000CE186214FA008B18BD /* ICBusStation.h */ = {isa = PBXFileReference; fileEncoding = 4; lastKnownFileType = sourcecode.c.h; path = ICBusStation.h; sourceTree = "<group>"; };
		95A000CF186214FA008B18BD /* ICBusStation.m */ = {isa = PBXFileReference; fileEncoding = 4; lastKnownFileType = sourcecode.c.objc; path = ICBusStation.m; sourceTree = "<group>"; };
		95A000D0186214FA008B18BD /* ICBusStationList.h */ = {isa = PBXFileReference; fileEncoding = 4; lastKnownFileType = sourcecode.c.h; path = ICBusStationList.h; sourceTree = "<group>"; };
		95A000D1186214FA008B18BD /* ICBusStationList.m */ = {isa = PBXFileReference; fileEncoding = 4; lastKnownFileType = sourcecode.c.objc; path = ICBusStationList.m; sourceTree = "<group>"; };
		95A000D3186214FA008B18BD /* ICSchool.h */ = {isa = PBXFileReference; fileEncoding = 4; lastKnownFileType = sourcecode.c.h; path = ICSchool.h; sourceTree = "<group>"; };
		95A000D4186214FA008B18BD /* ICSchool.m */ = {isa = PBXFileReference; fileEncoding = 4; lastKnownFileType = sourcecode.c.objc; path = ICSchool.m; sourceTree = "<group>"; };
		95A000D5186214FA008B18BD /* ICSchoolDetail.h */ = {isa = PBXFileReference; fileEncoding = 4; lastKnownFileType = sourcecode.c.h; path = ICSchoolDetail.h; sourceTree = "<group>"; };
		95A000D6186214FA008B18BD /* ICSchoolDetail.m */ = {isa = PBXFileReference; fileEncoding = 4; lastKnownFileType = sourcecode.c.objc; path = ICSchoolDetail.m; sourceTree = "<group>"; };
		95A000D7186214FA008B18BD /* ICSchoolList.h */ = {isa = PBXFileReference; fileEncoding = 4; lastKnownFileType = sourcecode.c.h; path = ICSchoolList.h; sourceTree = "<group>"; };
		95A000D8186214FA008B18BD /* ICSchoolList.m */ = {isa = PBXFileReference; fileEncoding = 4; lastKnownFileType = sourcecode.c.objc; path = ICSchoolList.m; sourceTree = "<group>"; };
		95A000E5186218A0008B18BD /* ICNewsCell.h */ = {isa = PBXFileReference; fileEncoding = 4; lastKnownFileType = sourcecode.c.h; path = ICNewsCell.h; sourceTree = "<group>"; };
		95A000E6186218A0008B18BD /* ICNewsCell.m */ = {isa = PBXFileReference; fileEncoding = 4; lastKnownFileType = sourcecode.c.objc; path = ICNewsCell.m; sourceTree = "<group>"; };
		95A000FE186227D0008B18BD /* ICNewsChannelCell.h */ = {isa = PBXFileReference; fileEncoding = 4; lastKnownFileType = sourcecode.c.h; name = ICNewsChannelCell.h; path = iCampus/View/News/ICNewsChannelCell.h; sourceTree = SOURCE_ROOT; };
		95A000FF186227D0008B18BD /* ICNewsChannelCell.m */ = {isa = PBXFileReference; fileEncoding = 4; lastKnownFileType = sourcecode.c.objc; name = ICNewsChannelCell.m; path = iCampus/View/News/ICNewsChannelCell.m; sourceTree = SOURCE_ROOT; };
		95A001031862388B008B18BD /* Base64.h */ = {isa = PBXFileReference; fileEncoding = 4; lastKnownFileType = sourcecode.c.h; path = Base64.h; sourceTree = "<group>"; };
		95A001041862388B008B18BD /* Base64.m */ = {isa = PBXFileReference; fileEncoding = 4; lastKnownFileType = sourcecode.c.objc; path = Base64.m; sourceTree = "<group>"; };
		95A001051862388B008B18BD /* NSString+RSA.h */ = {isa = PBXFileReference; fileEncoding = 4; lastKnownFileType = sourcecode.c.h; path = "NSString+RSA.h"; sourceTree = "<group>"; };
		95A001061862388B008B18BD /* NSString+RSA.m */ = {isa = PBXFileReference; fileEncoding = 4; lastKnownFileType = sourcecode.c.objc; path = "NSString+RSA.m"; sourceTree = "<group>"; };
		95A0010B18623ED1008B18BD /* ICNewsDetailView.h */ = {isa = PBXFileReference; fileEncoding = 4; lastKnownFileType = sourcecode.c.h; name = ICNewsDetailView.h; path = iCampus/View/News/ICNewsDetailView.h; sourceTree = SOURCE_ROOT; };
		95A0010C18623ED1008B18BD /* ICNewsDetailView.m */ = {isa = PBXFileReference; fileEncoding = 4; lastKnownFileType = sourcecode.c.objc; name = ICNewsDetailView.m; path = iCampus/View/News/ICNewsDetailView.m; sourceTree = SOURCE_ROOT; };
		95A001101862594E008B18BD /* ICBusViewController.h */ = {isa = PBXFileReference; fileEncoding = 4; lastKnownFileType = sourcecode.c.h; path = ICBusViewController.h; sourceTree = "<group>"; };
		95A001111862594E008B18BD /* ICBusViewController.m */ = {isa = PBXFileReference; fileEncoding = 4; lastKnownFileType = sourcecode.c.objc; path = ICBusViewController.m; sourceTree = "<group>"; };
		95A001141862594E008B18BD /* ICGateViewController.h */ = {isa = PBXFileReference; fileEncoding = 4; lastKnownFileType = sourcecode.c.h; path = ICGateViewController.h; sourceTree = "<group>"; };
		95A001151862594E008B18BD /* ICGateViewController.m */ = {isa = PBXFileReference; fileEncoding = 4; lastKnownFileType = sourcecode.c.objc; path = ICGateViewController.m; sourceTree = "<group>"; };
		95A001161862594E008B18BD /* ICControllerConfig.h */ = {isa = PBXFileReference; fileEncoding = 4; lastKnownFileType = sourcecode.c.h; path = ICControllerConfig.h; sourceTree = "<group>"; };
		95A001181862594E008B18BD /* ICNewsChannelViewController.h */ = {isa = PBXFileReference; fileEncoding = 4; lastKnownFileType = sourcecode.c.h; path = ICNewsChannelViewController.h; sourceTree = "<group>"; };
		95A001191862594E008B18BD /* ICNewsChannelViewController.m */ = {isa = PBXFileReference; fileEncoding = 4; lastKnownFileType = sourcecode.c.objc; path = ICNewsChannelViewController.m; sourceTree = "<group>"; };
		95A0011A1862594E008B18BD /* ICNewsDetailViewController.h */ = {isa = PBXFileReference; fileEncoding = 4; lastKnownFileType = sourcecode.c.h; path = ICNewsDetailViewController.h; sourceTree = "<group>"; };
		95A0011B1862594E008B18BD /* ICNewsDetailViewController.m */ = {isa = PBXFileReference; fileEncoding = 4; lastKnownFileType = sourcecode.c.objc; path = ICNewsDetailViewController.m; sourceTree = "<group>"; };
		95A0011C1862594E008B18BD /* ICNewsListViewController.h */ = {isa = PBXFileReference; fileEncoding = 4; lastKnownFileType = sourcecode.c.h; path = ICNewsListViewController.h; sourceTree = "<group>"; };
		95A0011D1862594E008B18BD /* ICNewsListViewController.m */ = {isa = PBXFileReference; fileEncoding = 4; lastKnownFileType = sourcecode.c.objc; path = ICNewsListViewController.m; sourceTree = "<group>"; };
		95AC7077185F473200C94B71 /* ICCampus.h */ = {isa = PBXFileReference; fileEncoding = 4; lastKnownFileType = sourcecode.c.h; path = ICCampus.h; sourceTree = "<group>"; };
		95AC7078185F473200C94B71 /* ICCampus.m */ = {isa = PBXFileReference; fileEncoding = 4; lastKnownFileType = sourcecode.c.objc; path = ICCampus.m; sourceTree = "<group>"; };
		95AC7079185F473200C94B71 /* ICCampusList.h */ = {isa = PBXFileReference; fileEncoding = 4; lastKnownFileType = sourcecode.c.h; path = ICCampusList.h; sourceTree = "<group>"; };
		95AC707A185F473200C94B71 /* ICCampusList.m */ = {isa = PBXFileReference; fileEncoding = 4; lastKnownFileType = sourcecode.c.objc; path = ICCampusList.m; sourceTree = "<group>"; };
		95AC7082185F473200C94B71 /* ICModelConfig.h */ = {isa = PBXFileReference; fileEncoding = 4; lastKnownFileType = sourcecode.c.h; path = ICModelConfig.h; sourceTree = "<group>"; };
		95AC7085185F473200C94B71 /* ICNews.h */ = {isa = PBXFileReference; fileEncoding = 4; lastKnownFileType = sourcecode.c.h; path = ICNews.h; sourceTree = "<group>"; };
		95AC7086185F473200C94B71 /* ICNews.m */ = {isa = PBXFileReference; fileEncoding = 4; lastKnownFileType = sourcecode.c.objc; path = ICNews.m; sourceTree = "<group>"; };
		95AC7087185F473200C94B71 /* ICNewsChannel.h */ = {isa = PBXFileReference; fileEncoding = 4; lastKnownFileType = sourcecode.c.h; path = ICNewsChannel.h; sourceTree = "<group>"; };
		95AC7088185F473200C94B71 /* ICNewsChannel.m */ = {isa = PBXFileReference; fileEncoding = 4; lastKnownFileType = sourcecode.c.objc; path = ICNewsChannel.m; sourceTree = "<group>"; };
		95AC7089185F473200C94B71 /* ICNewsChannelList.h */ = {isa = PBXFileReference; fileEncoding = 4; lastKnownFileType = sourcecode.c.h; path = ICNewsChannelList.h; sourceTree = "<group>"; };
		95AC708A185F473200C94B71 /* ICNewsChannelList.m */ = {isa = PBXFileReference; fileEncoding = 4; lastKnownFileType = sourcecode.c.objc; path = ICNewsChannelList.m; sourceTree = "<group>"; };
		95AC708B185F473200C94B71 /* ICNewsDetail.h */ = {isa = PBXFileReference; fileEncoding = 4; lastKnownFileType = sourcecode.c.h; path = ICNewsDetail.h; sourceTree = "<group>"; };
		95AC708C185F473200C94B71 /* ICNewsDetail.m */ = {isa = PBXFileReference; fileEncoding = 4; lastKnownFileType = sourcecode.c.objc; path = ICNewsDetail.m; sourceTree = "<group>"; };
		95AC708D185F473200C94B71 /* ICNewsDetailAttachment.h */ = {isa = PBXFileReference; fileEncoding = 4; lastKnownFileType = sourcecode.c.h; path = ICNewsDetailAttachment.h; sourceTree = "<group>"; };
		95AC708E185F473200C94B71 /* ICNewsDetailAttachment.m */ = {isa = PBXFileReference; fileEncoding = 4; lastKnownFileType = sourcecode.c.objc; path = ICNewsDetailAttachment.m; sourceTree = "<group>"; };
		95AC708F185F473200C94B71 /* ICNewsList.h */ = {isa = PBXFileReference; fileEncoding = 4; lastKnownFileType = sourcecode.c.h; path = ICNewsList.h; sourceTree = "<group>"; };
		95AC7090185F473200C94B71 /* ICNewsList.m */ = {isa = PBXFileReference; fileEncoding = 4; lastKnownFileType = sourcecode.c.objc; path = ICNewsList.m; sourceTree = "<group>"; };
		95AC709E185F473200C94B71 /* ICUser.h */ = {isa = PBXFileReference; fileEncoding = 4; lastKnownFileType = sourcecode.c.h; path = ICUser.h; sourceTree = "<group>"; };
		95AC709F185F473200C94B71 /* ICUser.m */ = {isa = PBXFileReference; fileEncoding = 4; lastKnownFileType = sourcecode.c.objc; path = ICUser.m; sourceTree = "<group>"; };
		95AC70A7185F473300C94B71 /* ICYellowPage.h */ = {isa = PBXFileReference; fileEncoding = 4; lastKnownFileType = sourcecode.c.h; path = ICYellowPage.h; sourceTree = "<group>"; };
		95AC70A8185F473300C94B71 /* ICYellowPage.m */ = {isa = PBXFileReference; fileEncoding = 4; lastKnownFileType = sourcecode.c.objc; path = ICYellowPage.m; sourceTree = "<group>"; };
		95AC70A9185F473300C94B71 /* ICYellowPageContact.h */ = {isa = PBXFileReference; fileEncoding = 4; lastKnownFileType = sourcecode.c.h; path = ICYellowPageContact.h; sourceTree = "<group>"; };
		95AC70AA185F473300C94B71 /* ICYellowPageContact.m */ = {isa = PBXFileReference; fileEncoding = 4; lastKnownFileType = sourcecode.c.objc; path = ICYellowPageContact.m; sourceTree = "<group>"; };
		95E4851F18940E8E006402FD /* ICYellowPageDepartment.h */ = {isa = PBXFileReference; fileEncoding = 4; lastKnownFileType = sourcecode.c.h; path = ICYellowPageDepartment.h; sourceTree = "<group>"; };
		95E4852018940E8E006402FD /* ICYellowPageDepartment.m */ = {isa = PBXFileReference; fileEncoding = 4; lastKnownFileType = sourcecode.c.objc; path = ICYellowPageDepartment.m; sourceTree = "<group>"; };
		95E4852218940FE9006402FD /* ICYellowPageDepartmentViewController.h */ = {isa = PBXFileReference; fileEncoding = 4; lastKnownFileType = sourcecode.c.h; path = ICYellowPageDepartmentViewController.h; sourceTree = "<group>"; };
		95E4852318940FE9006402FD /* ICYellowPageDepartmentViewController.m */ = {isa = PBXFileReference; fileEncoding = 4; lastKnownFileType = sourcecode.c.objc; path = ICYellowPageDepartmentViewController.m; sourceTree = "<group>"; };
		95E48525189411DC006402FD /* ICYellowPageDepartmentList.h */ = {isa = PBXFileReference; fileEncoding = 4; lastKnownFileType = sourcecode.c.h; path = ICYellowPageDepartmentList.h; sourceTree = "<group>"; };
		95E48526189411DC006402FD /* ICYellowPageDepartmentList.m */ = {isa = PBXFileReference; fileEncoding = 4; lastKnownFileType = sourcecode.c.objc; path = ICYellowPageDepartmentList.m; sourceTree = "<group>"; };
		95E4852818941B75006402FD /* ICYellowPageDepartmentCell.h */ = {isa = PBXFileReference; fileEncoding = 4; lastKnownFileType = sourcecode.c.h; path = ICYellowPageDepartmentCell.h; sourceTree = "<group>"; };
		95E4852918941B75006402FD /* ICYellowPageDepartmentCell.m */ = {isa = PBXFileReference; fileEncoding = 4; lastKnownFileType = sourcecode.c.objc; path = ICYellowPageDepartmentCell.m; sourceTree = "<group>"; };
		95E4852B18942D90006402FD /* ICConfig.h */ = {isa = PBXFileReference; lastKnownFileType = sourcecode.c.h; path = ICConfig.h; sourceTree = "<group>"; };
		95FF283F186ACBCD00B5C18A /* ICYellowPageListViewController.h */ = {isa = PBXFileReference; fileEncoding = 4; lastKnownFileType = sourcecode.c.h; path = ICYellowPageListViewController.h; sourceTree = "<group>"; };
		95FF2840186ACBCD00B5C18A /* ICYellowPageListViewController.m */ = {isa = PBXFileReference; fileEncoding = 4; lastKnownFileType = sourcecode.c.objc; path = ICYellowPageListViewController.m; sourceTree = "<group>"; };
		95FF2842186ACFD300B5C18A /* ICYellowPageContactCell.h */ = {isa = PBXFileReference; fileEncoding = 4; lastKnownFileType = sourcecode.c.h; path = ICYellowPageContactCell.h; sourceTree = "<group>"; };
		95FF2843186ACFD300B5C18A /* ICYellowPageContactCell.m */ = {isa = PBXFileReference; fileEncoding = 4; lastKnownFileType = sourcecode.c.objc; path = ICYellowPageContactCell.m; sourceTree = "<group>"; };
		A30D1DF9182A64BA00F35D4F /* iCampus.app */ = {isa = PBXFileReference; explicitFileType = wrapper.application; includeInIndex = 0; path = iCampus.app; sourceTree = BUILT_PRODUCTS_DIR; };
		A30D1DFC182A64BA00F35D4F /* Foundation.framework */ = {isa = PBXFileReference; lastKnownFileType = wrapper.framework; name = Foundation.framework; path = System/Library/Frameworks/Foundation.framework; sourceTree = SDKROOT; };
		A30D1DFE182A64BA00F35D4F /* CoreGraphics.framework */ = {isa = PBXFileReference; lastKnownFileType = wrapper.framework; name = CoreGraphics.framework; path = System/Library/Frameworks/CoreGraphics.framework; sourceTree = SDKROOT; };
		A30D1E00182A64BA00F35D4F /* UIKit.framework */ = {isa = PBXFileReference; lastKnownFileType = wrapper.framework; name = UIKit.framework; path = System/Library/Frameworks/UIKit.framework; sourceTree = SDKROOT; };
		A30D1E04182A64BA00F35D4F /* iCampus-Info.plist */ = {isa = PBXFileReference; lastKnownFileType = text.plist.xml; path = "iCampus-Info.plist"; sourceTree = "<group>"; };
		A30D1E06182A64BA00F35D4F /* en */ = {isa = PBXFileReference; lastKnownFileType = text.plist.strings; name = en; path = en.lproj/InfoPlist.strings; sourceTree = "<group>"; };
		A30D1E08182A64BA00F35D4F /* main.m */ = {isa = PBXFileReference; lastKnownFileType = sourcecode.c.objc; path = main.m; sourceTree = "<group>"; };
		A30D1E0A182A64BA00F35D4F /* iCampus-Prefix.pch */ = {isa = PBXFileReference; lastKnownFileType = sourcecode.c.h; path = "iCampus-Prefix.pch"; sourceTree = "<group>"; };
		A30D1E14182A64BA00F35D4F /* Images.xcassets */ = {isa = PBXFileReference; lastKnownFileType = folder.assetcatalog; path = Images.xcassets; sourceTree = "<group>"; };
		A30D1E1A182A64BA00F35D4F /* iCampusTests.xctest */ = {isa = PBXFileReference; explicitFileType = wrapper.cfbundle; includeInIndex = 0; path = iCampusTests.xctest; sourceTree = BUILT_PRODUCTS_DIR; };
		A30D1E1B182A64BA00F35D4F /* XCTest.framework */ = {isa = PBXFileReference; lastKnownFileType = wrapper.framework; name = XCTest.framework; path = Library/Frameworks/XCTest.framework; sourceTree = DEVELOPER_DIR; };
		A30D1E23182A64BA00F35D4F /* iCampusTests-Info.plist */ = {isa = PBXFileReference; lastKnownFileType = text.plist.xml; path = "iCampusTests-Info.plist"; sourceTree = "<group>"; };
		A30D1E25182A64BA00F35D4F /* en */ = {isa = PBXFileReference; lastKnownFileType = text.plist.strings; name = en; path = en.lproj/InfoPlist.strings; sourceTree = "<group>"; };
		A30D1E27182A64BA00F35D4F /* iCampusTests.m */ = {isa = PBXFileReference; lastKnownFileType = sourcecode.c.objc; path = iCampusTests.m; sourceTree = "<group>"; };
		A320CA45183E353100BCA05F /* AFNetworkActivityIndicatorManager.h */ = {isa = PBXFileReference; fileEncoding = 4; lastKnownFileType = sourcecode.c.h; path = AFNetworkActivityIndicatorManager.h; sourceTree = "<group>"; };
		A320CA46183E353100BCA05F /* AFNetworkActivityIndicatorManager.m */ = {isa = PBXFileReference; fileEncoding = 4; lastKnownFileType = sourcecode.c.objc; path = AFNetworkActivityIndicatorManager.m; sourceTree = "<group>"; };
		A320CA47183E353100BCA05F /* UIActivityIndicatorView+AFNetworking.h */ = {isa = PBXFileReference; fileEncoding = 4; lastKnownFileType = sourcecode.c.h; path = "UIActivityIndicatorView+AFNetworking.h"; sourceTree = "<group>"; };
		A320CA48183E353100BCA05F /* UIActivityIndicatorView+AFNetworking.m */ = {isa = PBXFileReference; fileEncoding = 4; lastKnownFileType = sourcecode.c.objc; path = "UIActivityIndicatorView+AFNetworking.m"; sourceTree = "<group>"; };
		A320CA49183E353100BCA05F /* UIAlertView+AFNetworking.h */ = {isa = PBXFileReference; fileEncoding = 4; lastKnownFileType = sourcecode.c.h; path = "UIAlertView+AFNetworking.h"; sourceTree = "<group>"; };
		A320CA4A183E353100BCA05F /* UIAlertView+AFNetworking.m */ = {isa = PBXFileReference; fileEncoding = 4; lastKnownFileType = sourcecode.c.objc; path = "UIAlertView+AFNetworking.m"; sourceTree = "<group>"; };
		A320CA4B183E353100BCA05F /* UIButton+AFNetworking.h */ = {isa = PBXFileReference; fileEncoding = 4; lastKnownFileType = sourcecode.c.h; path = "UIButton+AFNetworking.h"; sourceTree = "<group>"; };
		A320CA4C183E353100BCA05F /* UIButton+AFNetworking.m */ = {isa = PBXFileReference; fileEncoding = 4; lastKnownFileType = sourcecode.c.objc; path = "UIButton+AFNetworking.m"; sourceTree = "<group>"; };
		A320CA4D183E353100BCA05F /* UIImageView+AFNetworking.h */ = {isa = PBXFileReference; fileEncoding = 4; lastKnownFileType = sourcecode.c.h; path = "UIImageView+AFNetworking.h"; sourceTree = "<group>"; };
		A320CA4E183E353100BCA05F /* UIImageView+AFNetworking.m */ = {isa = PBXFileReference; fileEncoding = 4; lastKnownFileType = sourcecode.c.objc; path = "UIImageView+AFNetworking.m"; sourceTree = "<group>"; };
		A320CA4F183E353100BCA05F /* UIKit+AFNetworking.h */ = {isa = PBXFileReference; fileEncoding = 4; lastKnownFileType = sourcecode.c.h; path = "UIKit+AFNetworking.h"; sourceTree = "<group>"; };
		A320CA50183E353100BCA05F /* UIProgressView+AFNetworking.h */ = {isa = PBXFileReference; fileEncoding = 4; lastKnownFileType = sourcecode.c.h; path = "UIProgressView+AFNetworking.h"; sourceTree = "<group>"; };
		A320CA51183E353100BCA05F /* UIProgressView+AFNetworking.m */ = {isa = PBXFileReference; fileEncoding = 4; lastKnownFileType = sourcecode.c.objc; path = "UIProgressView+AFNetworking.m"; sourceTree = "<group>"; };
		A320CA52183E353100BCA05F /* UIWebView+AFNetworking.h */ = {isa = PBXFileReference; fileEncoding = 4; lastKnownFileType = sourcecode.c.h; path = "UIWebView+AFNetworking.h"; sourceTree = "<group>"; };
		A320CA53183E353100BCA05F /* UIWebView+AFNetworking.m */ = {isa = PBXFileReference; fileEncoding = 4; lastKnownFileType = sourcecode.c.objc; path = "UIWebView+AFNetworking.m"; sourceTree = "<group>"; };
		A320CA5C183E365D00BCA05F /* AFHTTPRequestOperation.h */ = {isa = PBXFileReference; fileEncoding = 4; lastKnownFileType = sourcecode.c.h; path = AFHTTPRequestOperation.h; sourceTree = "<group>"; };
		A320CA5D183E365D00BCA05F /* AFHTTPRequestOperation.m */ = {isa = PBXFileReference; fileEncoding = 4; lastKnownFileType = sourcecode.c.objc; path = AFHTTPRequestOperation.m; sourceTree = "<group>"; };
		A320CA5E183E365D00BCA05F /* AFHTTPRequestOperationManager.h */ = {isa = PBXFileReference; fileEncoding = 4; lastKnownFileType = sourcecode.c.h; path = AFHTTPRequestOperationManager.h; sourceTree = "<group>"; };
		A320CA5F183E365D00BCA05F /* AFHTTPRequestOperationManager.m */ = {isa = PBXFileReference; fileEncoding = 4; lastKnownFileType = sourcecode.c.objc; path = AFHTTPRequestOperationManager.m; sourceTree = "<group>"; };
		A320CA60183E365D00BCA05F /* AFHTTPSessionManager.h */ = {isa = PBXFileReference; fileEncoding = 4; lastKnownFileType = sourcecode.c.h; path = AFHTTPSessionManager.h; sourceTree = "<group>"; };
		A320CA61183E365D00BCA05F /* AFHTTPSessionManager.m */ = {isa = PBXFileReference; fileEncoding = 4; lastKnownFileType = sourcecode.c.objc; path = AFHTTPSessionManager.m; sourceTree = "<group>"; };
		A320CA62183E365D00BCA05F /* AFNetworking.h */ = {isa = PBXFileReference; fileEncoding = 4; lastKnownFileType = sourcecode.c.h; path = AFNetworking.h; sourceTree = "<group>"; };
		A320CA63183E365D00BCA05F /* AFNetworkReachabilityManager.h */ = {isa = PBXFileReference; fileEncoding = 4; lastKnownFileType = sourcecode.c.h; path = AFNetworkReachabilityManager.h; sourceTree = "<group>"; };
		A320CA64183E365D00BCA05F /* AFNetworkReachabilityManager.m */ = {isa = PBXFileReference; fileEncoding = 4; lastKnownFileType = sourcecode.c.objc; path = AFNetworkReachabilityManager.m; sourceTree = "<group>"; };
		A320CA65183E365D00BCA05F /* AFSecurityPolicy.h */ = {isa = PBXFileReference; fileEncoding = 4; lastKnownFileType = sourcecode.c.h; path = AFSecurityPolicy.h; sourceTree = "<group>"; };
		A320CA66183E365D00BCA05F /* AFSecurityPolicy.m */ = {isa = PBXFileReference; fileEncoding = 4; lastKnownFileType = sourcecode.c.objc; path = AFSecurityPolicy.m; sourceTree = "<group>"; };
		A320CA67183E365D00BCA05F /* AFURLConnectionOperation.h */ = {isa = PBXFileReference; fileEncoding = 4; lastKnownFileType = sourcecode.c.h; path = AFURLConnectionOperation.h; sourceTree = "<group>"; };
		A320CA68183E365D00BCA05F /* AFURLConnectionOperation.m */ = {isa = PBXFileReference; fileEncoding = 4; lastKnownFileType = sourcecode.c.objc; path = AFURLConnectionOperation.m; sourceTree = "<group>"; };
		A320CA69183E365D00BCA05F /* AFURLRequestSerialization.h */ = {isa = PBXFileReference; fileEncoding = 4; lastKnownFileType = sourcecode.c.h; path = AFURLRequestSerialization.h; sourceTree = "<group>"; };
		A320CA6A183E365D00BCA05F /* AFURLRequestSerialization.m */ = {isa = PBXFileReference; fileEncoding = 4; lastKnownFileType = sourcecode.c.objc; path = AFURLRequestSerialization.m; sourceTree = "<group>"; };
		A320CA6B183E365D00BCA05F /* AFURLResponseSerialization.h */ = {isa = PBXFileReference; fileEncoding = 4; lastKnownFileType = sourcecode.c.h; path = AFURLResponseSerialization.h; sourceTree = "<group>"; };
		A320CA6C183E365D00BCA05F /* AFURLResponseSerialization.m */ = {isa = PBXFileReference; fileEncoding = 4; lastKnownFileType = sourcecode.c.objc; path = AFURLResponseSerialization.m; sourceTree = "<group>"; };
		A320CA6D183E365D00BCA05F /* AFURLSessionManager.h */ = {isa = PBXFileReference; fileEncoding = 4; lastKnownFileType = sourcecode.c.h; path = AFURLSessionManager.h; sourceTree = "<group>"; };
		A320CA6E183E365D00BCA05F /* AFURLSessionManager.m */ = {isa = PBXFileReference; fileEncoding = 4; lastKnownFileType = sourcecode.c.objc; path = AFURLSessionManager.m; sourceTree = "<group>"; };
		A3C8B53F1830ED39007D569E /* MBProgressHUD.h */ = {isa = PBXFileReference; fileEncoding = 4; lastKnownFileType = sourcecode.c.h; path = MBProgressHUD.h; sourceTree = "<group>"; };
		A3C8B5401830ED39007D569E /* MBProgressHUD.m */ = {isa = PBXFileReference; fileEncoding = 4; lastKnownFileType = sourcecode.c.objc; path = MBProgressHUD.m; sourceTree = "<group>"; };
		A3C8B5431830F6CF007D569E /* SVPullToRefresh.h */ = {isa = PBXFileReference; fileEncoding = 4; lastKnownFileType = sourcecode.c.h; path = SVPullToRefresh.h; sourceTree = "<group>"; };
		A3C8B5441830F6CF007D569E /* UIScrollView+SVInfiniteScrolling.h */ = {isa = PBXFileReference; fileEncoding = 4; lastKnownFileType = sourcecode.c.h; path = "UIScrollView+SVInfiniteScrolling.h"; sourceTree = "<group>"; };
		A3C8B5451830F6CF007D569E /* UIScrollView+SVInfiniteScrolling.m */ = {isa = PBXFileReference; fileEncoding = 4; lastKnownFileType = sourcecode.c.objc; path = "UIScrollView+SVInfiniteScrolling.m"; sourceTree = "<group>"; };
		A3C8B5461830F6CF007D569E /* UIScrollView+SVPullToRefresh.h */ = {isa = PBXFileReference; fileEncoding = 4; lastKnownFileType = sourcecode.c.h; path = "UIScrollView+SVPullToRefresh.h"; sourceTree = "<group>"; };
		A3C8B5471830F6CF007D569E /* UIScrollView+SVPullToRefresh.m */ = {isa = PBXFileReference; fileEncoding = 4; lastKnownFileType = sourcecode.c.objc; path = "UIScrollView+SVPullToRefresh.m"; sourceTree = "<group>"; };
/* End PBXFileReference section */

/* Begin PBXFrameworksBuildPhase section */
		A30D1DF6182A64BA00F35D4F /* Frameworks */ = {
			isa = PBXFrameworksBuildPhase;
			buildActionMask = 2147483647;
			files = (
				1C878B0918CDDB3B00BEAC6B /* MapKit.framework in Frameworks */,
				A30D1DFF182A64BA00F35D4F /* CoreGraphics.framework in Frameworks */,
				A30D1E01182A64BA00F35D4F /* UIKit.framework in Frameworks */,
				A30D1DFD182A64BA00F35D4F /* Foundation.framework in Frameworks */,
				95A000B01861F927008B18BD /* AudioToolbox.framework in Frameworks */,
			);
			runOnlyForDeploymentPostprocessing = 0;
		};
		A30D1E17182A64BA00F35D4F /* Frameworks */ = {
			isa = PBXFrameworksBuildPhase;
			buildActionMask = 2147483647;
			files = (
				A30D1E1C182A64BA00F35D4F /* XCTest.framework in Frameworks */,
				A30D1E1E182A64BA00F35D4F /* UIKit.framework in Frameworks */,
				A30D1E1D182A64BA00F35D4F /* Foundation.framework in Frameworks */,
			);
			runOnlyForDeploymentPostprocessing = 0;
		};
/* End PBXFrameworksBuildPhase section */

/* Begin PBXGroup section */
		1C878B0418CDDAAD00BEAC6B /* Map */ = {
			isa = PBXGroup;
			children = (
				1C878B0518CDDACE00BEAC6B /* ICMapViewController.h */,
				1C878B0618CDDACE00BEAC6B /* ICMapViewController.m */,
			);
			path = Map;
			sourceTree = "<group>";
		};
		1C878B0A18CDDF8100BEAC6B /* Map */ = {
			isa = PBXGroup;
			children = (
				1C878B0B18CDDFF100BEAC6B /* ICMap.h */,
				1C878B0C18CDDFF100BEAC6B /* ICMap.m */,
			);
			path = Map;
			sourceTree = "<group>";
		};
		95798E9E186285080049CF77 /* KIImagePager */ = {
			isa = PBXGroup;
			children = (
				95798E9F186285080049CF77 /* KICamera.png */,
				95798EA0186285080049CF77 /* KICamera@2x.png */,
				95798EA1186285080049CF77 /* KIImagePager.h */,
				95798EA2186285080049CF77 /* KIImagePager.m */,
			);
			path = KIImagePager;
			sourceTree = "<group>";
		};
		95A000C7186214FA008B18BD /* Bus */ = {
			isa = PBXGroup;
			children = (
				95A000C8186214FA008B18BD /* ICBus.h */,
				95A000C9186214FA008B18BD /* ICBus.m */,
				95A000CA186214FA008B18BD /* ICBusList.h */,
				95A000CB186214FA008B18BD /* ICBusList.m */,
				95A000CC186214FA008B18BD /* ICBusListArray.h */,
				95A000CD186214FA008B18BD /* ICBusListArray.m */,
				95A000CE186214FA008B18BD /* ICBusStation.h */,
				95A000CF186214FA008B18BD /* ICBusStation.m */,
				95A000D0186214FA008B18BD /* ICBusStationList.h */,
				95A000D1186214FA008B18BD /* ICBusStationList.m */,
			);
			path = Bus;
			sourceTree = "<group>";
		};
		95A000D2186214FA008B18BD /* School */ = {
			isa = PBXGroup;
			children = (
				95A000D3186214FA008B18BD /* ICSchool.h */,
				95A000D4186214FA008B18BD /* ICSchool.m */,
				95A000D5186214FA008B18BD /* ICSchoolDetail.h */,
				95A000D6186214FA008B18BD /* ICSchoolDetail.m */,
				95A000D7186214FA008B18BD /* ICSchoolList.h */,
				95A000D8186214FA008B18BD /* ICSchoolList.m */,
			);
			path = School;
			sourceTree = "<group>";
		};
		95A000E1186218A0008B18BD /* View */ = {
			isa = PBXGroup;
			children = (
				95A000E2186218A0008B18BD /* Bus */,
				95A000E3186218A0008B18BD /* Campus */,
				95A000E4186218A0008B18BD /* News */,
				95A000E7186218A0008B18BD /* School */,
				95A000E8186218A0008B18BD /* User */,
				95A000E9186218A0008B18BD /* YellowPage */,
			);
			path = View;
			sourceTree = "<group>";
		};
		95A000E2186218A0008B18BD /* Bus */ = {
			isa = PBXGroup;
			children = (
				95798F311863093C0049CF77 /* ICBusCell.h */,
				95798F321863093C0049CF77 /* ICBusCell.m */,
				952B5BF91863FDBA009DDBB5 /* ICBusStationListCell.h */,
				952B5BFA1863FDBA009DDBB5 /* ICBusStationListCell.m */,
				9508477D18658760008A4571 /* ICBusStationView.h */,
				9508477E18658760008A4571 /* ICBusStationView.m */,
			);
			path = Bus;
			sourceTree = "<group>";
		};
		95A000E3186218A0008B18BD /* Campus */ = {
			isa = PBXGroup;
			children = (
			);
			path = Campus;
			sourceTree = "<group>";
		};
		95A000E4186218A0008B18BD /* News */ = {
			isa = PBXGroup;
			children = (
				95A000FE186227D0008B18BD /* ICNewsChannelCell.h */,
				95A000FF186227D0008B18BD /* ICNewsChannelCell.m */,
				95A000E5186218A0008B18BD /* ICNewsCell.h */,
				95A000E6186218A0008B18BD /* ICNewsCell.m */,
				95A0010B18623ED1008B18BD /* ICNewsDetailView.h */,
				95A0010C18623ED1008B18BD /* ICNewsDetailView.m */,
			);
			path = News;
			sourceTree = "<group>";
		};
		95A000E7186218A0008B18BD /* School */ = {
			isa = PBXGroup;
			children = (
				957279B218674602007F3F01 /* ICSchoolCell.h */,
				957279B318674602007F3F01 /* ICSchoolCell.m */,
				957279B81867552A007F3F01 /* ICSchoolDetailView.h */,
				957279B91867552A007F3F01 /* ICSchoolDetailView.m */,
			);
			path = School;
			sourceTree = "<group>";
		};
		95A000E8186218A0008B18BD /* User */ = {
			isa = PBXGroup;
			children = (
			);
			path = User;
			sourceTree = "<group>";
		};
		95A000E9186218A0008B18BD /* YellowPage */ = {
			isa = PBXGroup;
			children = (
				95FF2842186ACFD300B5C18A /* ICYellowPageContactCell.h */,
				95FF2843186ACFD300B5C18A /* ICYellowPageContactCell.m */,
				95E4852818941B75006402FD /* ICYellowPageDepartmentCell.h */,
				95E4852918941B75006402FD /* ICYellowPageDepartmentCell.m */,
			);
			path = YellowPage;
			sourceTree = "<group>";
		};
		95A001011862388B008B18BD /* NSString+RSA */ = {
			isa = PBXGroup;
			children = (
				95A001021862388B008B18BD /* Base64 */,
				95A001051862388B008B18BD /* NSString+RSA.h */,
				95A001061862388B008B18BD /* NSString+RSA.m */,
			);
			path = "NSString+RSA";
			sourceTree = "<group>";
		};
		95A001021862388B008B18BD /* Base64 */ = {
			isa = PBXGroup;
			children = (
				95A001031862388B008B18BD /* Base64.h */,
				95A001041862388B008B18BD /* Base64.m */,
			);
			path = Base64;
			sourceTree = "<group>";
		};
		95A0010E1862594E008B18BD /* Controller */ = {
			isa = PBXGroup;
			children = (
				95A001161862594E008B18BD /* ICControllerConfig.h */,
				1C878B0418CDDAAD00BEAC6B /* Map */,
				95A0010F1862594E008B18BD /* Bus */,
				95A001121862594E008B18BD /* Campus */,
				95A001131862594E008B18BD /* Gate */,
				95A001171862594E008B18BD /* News */,
				95A0011E1862594E008B18BD /* School */,
				95A0011F1862594E008B18BD /* User */,
				95A001201862594E008B18BD /* YellowPage */,
			);
			path = Controller;
			sourceTree = "<group>";
		};
		95A0010F1862594E008B18BD /* Bus */ = {
			isa = PBXGroup;
			children = (
				95A001101862594E008B18BD /* ICBusViewController.h */,
				95A001111862594E008B18BD /* ICBusViewController.m */,
			);
			path = Bus;
			sourceTree = "<group>";
		};
		95A001121862594E008B18BD /* Campus */ = {
			isa = PBXGroup;
			children = (
			);
			path = Campus;
			sourceTree = "<group>";
		};
		95A001131862594E008B18BD /* Gate */ = {
			isa = PBXGroup;
			children = (
				95A001141862594E008B18BD /* ICGateViewController.h */,
				95A001151862594E008B18BD /* ICGateViewController.m */,
			);
			path = Gate;
			sourceTree = "<group>";
		};
		95A001171862594E008B18BD /* News */ = {
			isa = PBXGroup;
			children = (
				95A001181862594E008B18BD /* ICNewsChannelViewController.h */,
				95A001191862594E008B18BD /* ICNewsChannelViewController.m */,
				95A0011A1862594E008B18BD /* ICNewsDetailViewController.h */,
				95A0011B1862594E008B18BD /* ICNewsDetailViewController.m */,
				95A0011C1862594E008B18BD /* ICNewsListViewController.h */,
				95A0011D1862594E008B18BD /* ICNewsListViewController.m */,
			);
			path = News;
			sourceTree = "<group>";
		};
		95A0011E1862594E008B18BD /* School */ = {
			isa = PBXGroup;
			children = (
				957279A91867375D007F3F01 /* ICSchoolListViewController.h */,
				957279AA1867375D007F3F01 /* ICSchoolListViewController.m */,
				957279AC18673D45007F3F01 /* ICSchoolDetailViewController.h */,
				957279AD18673D45007F3F01 /* ICSchoolDetailViewController.m */,
			);
			path = School;
			sourceTree = "<group>";
		};
		95A0011F1862594E008B18BD /* User */ = {
			isa = PBXGroup;
			children = (
			);
			path = User;
			sourceTree = "<group>";
		};
		95A001201862594E008B18BD /* YellowPage */ = {
			isa = PBXGroup;
			children = (
				95FF283F186ACBCD00B5C18A /* ICYellowPageListViewController.h */,
				95FF2840186ACBCD00B5C18A /* ICYellowPageListViewController.m */,
				95E4852218940FE9006402FD /* ICYellowPageDepartmentViewController.h */,
				95E4852318940FE9006402FD /* ICYellowPageDepartmentViewController.m */,
			);
			path = YellowPage;
			sourceTree = "<group>";
		};
		95AC7074185F473200C94B71 /* Model */ = {
			isa = PBXGroup;
			children = (
				95AC7082185F473200C94B71 /* ICModelConfig.h */,
				1C878B0A18CDDF8100BEAC6B /* Map */,
				95A000C7186214FA008B18BD /* Bus */,
				95A000D2186214FA008B18BD /* School */,
				95AC7076185F473200C94B71 /* Campus */,
				95AC7084185F473200C94B71 /* News */,
				95AC709D185F473200C94B71 /* User */,
				95AC70A6185F473300C94B71 /* YellowPage */,
			);
			path = Model;
			sourceTree = "<group>";
		};
		95AC7076185F473200C94B71 /* Campus */ = {
			isa = PBXGroup;
			children = (
				95AC7077185F473200C94B71 /* ICCampus.h */,
				95AC7078185F473200C94B71 /* ICCampus.m */,
				95AC7079185F473200C94B71 /* ICCampusList.h */,
				95AC707A185F473200C94B71 /* ICCampusList.m */,
			);
			path = Campus;
			sourceTree = "<group>";
		};
		95AC7084185F473200C94B71 /* News */ = {
			isa = PBXGroup;
			children = (
				95AC7085185F473200C94B71 /* ICNews.h */,
				95AC7086185F473200C94B71 /* ICNews.m */,
				95AC7087185F473200C94B71 /* ICNewsChannel.h */,
				95AC7088185F473200C94B71 /* ICNewsChannel.m */,
				95AC7089185F473200C94B71 /* ICNewsChannelList.h */,
				95AC708A185F473200C94B71 /* ICNewsChannelList.m */,
				95AC708B185F473200C94B71 /* ICNewsDetail.h */,
				95AC708C185F473200C94B71 /* ICNewsDetail.m */,
				95AC708D185F473200C94B71 /* ICNewsDetailAttachment.h */,
				95AC708E185F473200C94B71 /* ICNewsDetailAttachment.m */,
				95AC708F185F473200C94B71 /* ICNewsList.h */,
				95AC7090185F473200C94B71 /* ICNewsList.m */,
			);
			path = News;
			sourceTree = "<group>";
		};
		95AC709D185F473200C94B71 /* User */ = {
			isa = PBXGroup;
			children = (
				95AC709E185F473200C94B71 /* ICUser.h */,
				95AC709F185F473200C94B71 /* ICUser.m */,
			);
			path = User;
			sourceTree = "<group>";
		};
		95AC70A6185F473300C94B71 /* YellowPage */ = {
			isa = PBXGroup;
			children = (
				95E48525189411DC006402FD /* ICYellowPageDepartmentList.h */,
				95E48526189411DC006402FD /* ICYellowPageDepartmentList.m */,
				95E4851F18940E8E006402FD /* ICYellowPageDepartment.h */,
				95E4852018940E8E006402FD /* ICYellowPageDepartment.m */,
				95AC70A7185F473300C94B71 /* ICYellowPage.h */,
				95AC70A8185F473300C94B71 /* ICYellowPage.m */,
				95AC70A9185F473300C94B71 /* ICYellowPageContact.h */,
				95AC70AA185F473300C94B71 /* ICYellowPageContact.m */,
			);
			path = YellowPage;
			sourceTree = "<group>";
		};
		A30D1DF0182A64BA00F35D4F = {
			isa = PBXGroup;
			children = (
				A30D1E02182A64BA00F35D4F /* iCampus */,
				A30D1E21182A64BA00F35D4F /* iCampusTests */,
				A30D1DFB182A64BA00F35D4F /* Frameworks */,
				A30D1DFA182A64BA00F35D4F /* Products */,
			);
			sourceTree = "<group>";
		};
		A30D1DFA182A64BA00F35D4F /* Products */ = {
			isa = PBXGroup;
			children = (
				A30D1DF9182A64BA00F35D4F /* iCampus.app */,
				A30D1E1A182A64BA00F35D4F /* iCampusTests.xctest */,
			);
			name = Products;
			sourceTree = "<group>";
		};
		A30D1DFB182A64BA00F35D4F /* Frameworks */ = {
			isa = PBXGroup;
			children = (
				1C878B0818CDDB3B00BEAC6B /* MapKit.framework */,
				95A000AF1861F927008B18BD /* AudioToolbox.framework */,
				A30D1DFC182A64BA00F35D4F /* Foundation.framework */,
				A30D1DFE182A64BA00F35D4F /* CoreGraphics.framework */,
				A30D1E00182A64BA00F35D4F /* UIKit.framework */,
				A30D1E1B182A64BA00F35D4F /* XCTest.framework */,
			);
			name = Frameworks;
			sourceTree = "<group>";
		};
		A30D1E02182A64BA00F35D4F /* iCampus */ = {
			isa = PBXGroup;
			children = (
				95A000B518620B91008B18BD /* LICENSE */,
				95A000AC1861F504008B18BD /* Main.storyboard */,
				95A000A61861F4CD008B18BD /* ICAppDelegate.h */,
				95A000A71861F4CD008B18BD /* ICAppDelegate.m */,
				95E4852B18942D90006402FD /* ICConfig.h */,
				95AC7074185F473200C94B71 /* Model */,
				95A000E1186218A0008B18BD /* View */,
				95A0010E1862594E008B18BD /* Controller */,
				A3C8B53D1830ED39007D569E /* External */,
				A30D1E14182A64BA00F35D4F /* Images.xcassets */,
				A30D1E03182A64BA00F35D4F /* Supporting Files */,
			);
			path = iCampus;
			sourceTree = "<group>";
		};
		A30D1E03182A64BA00F35D4F /* Supporting Files */ = {
			isa = PBXGroup;
			children = (
				A30D1E04182A64BA00F35D4F /* iCampus-Info.plist */,
				95A000B11861F927008B18BD /* iCampus.entitlements */,
				A30D1E05182A64BA00F35D4F /* InfoPlist.strings */,
				A30D1E08182A64BA00F35D4F /* main.m */,
				A30D1E0A182A64BA00F35D4F /* iCampus-Prefix.pch */,
			);
			name = "Supporting Files";
			sourceTree = "<group>";
		};
		A30D1E21182A64BA00F35D4F /* iCampusTests */ = {
			isa = PBXGroup;
			children = (
				A30D1E27182A64BA00F35D4F /* iCampusTests.m */,
				A30D1E22182A64BA00F35D4F /* Supporting Files */,
			);
			path = iCampusTests;
			sourceTree = "<group>";
		};
		A30D1E22182A64BA00F35D4F /* Supporting Files */ = {
			isa = PBXGroup;
			children = (
				A30D1E23182A64BA00F35D4F /* iCampusTests-Info.plist */,
				A30D1E24182A64BA00F35D4F /* InfoPlist.strings */,
			);
			name = "Supporting Files";
			sourceTree = "<group>";
		};
		A320CA44183E353100BCA05F /* UIKit+AFNetworking */ = {
			isa = PBXGroup;
			children = (
				A320CA45183E353100BCA05F /* AFNetworkActivityIndicatorManager.h */,
				A320CA46183E353100BCA05F /* AFNetworkActivityIndicatorManager.m */,
				A320CA47183E353100BCA05F /* UIActivityIndicatorView+AFNetworking.h */,
				A320CA48183E353100BCA05F /* UIActivityIndicatorView+AFNetworking.m */,
				A320CA49183E353100BCA05F /* UIAlertView+AFNetworking.h */,
				A320CA4A183E353100BCA05F /* UIAlertView+AFNetworking.m */,
				A320CA4B183E353100BCA05F /* UIButton+AFNetworking.h */,
				A320CA4C183E353100BCA05F /* UIButton+AFNetworking.m */,
				A320CA4D183E353100BCA05F /* UIImageView+AFNetworking.h */,
				A320CA4E183E353100BCA05F /* UIImageView+AFNetworking.m */,
				A320CA4F183E353100BCA05F /* UIKit+AFNetworking.h */,
				A320CA50183E353100BCA05F /* UIProgressView+AFNetworking.h */,
				A320CA51183E353100BCA05F /* UIProgressView+AFNetworking.m */,
				A320CA52183E353100BCA05F /* UIWebView+AFNetworking.h */,
				A320CA53183E353100BCA05F /* UIWebView+AFNetworking.m */,
			);
			path = "UIKit+AFNetworking";
			sourceTree = "<group>";
		};
		A320CA5B183E365D00BCA05F /* AFNetworking */ = {
			isa = PBXGroup;
			children = (
				A320CA5C183E365D00BCA05F /* AFHTTPRequestOperation.h */,
				A320CA5D183E365D00BCA05F /* AFHTTPRequestOperation.m */,
				A320CA5E183E365D00BCA05F /* AFHTTPRequestOperationManager.h */,
				A320CA5F183E365D00BCA05F /* AFHTTPRequestOperationManager.m */,
				A320CA60183E365D00BCA05F /* AFHTTPSessionManager.h */,
				A320CA61183E365D00BCA05F /* AFHTTPSessionManager.m */,
				A320CA62183E365D00BCA05F /* AFNetworking.h */,
				A320CA63183E365D00BCA05F /* AFNetworkReachabilityManager.h */,
				A320CA64183E365D00BCA05F /* AFNetworkReachabilityManager.m */,
				A320CA65183E365D00BCA05F /* AFSecurityPolicy.h */,
				A320CA66183E365D00BCA05F /* AFSecurityPolicy.m */,
				A320CA67183E365D00BCA05F /* AFURLConnectionOperation.h */,
				A320CA68183E365D00BCA05F /* AFURLConnectionOperation.m */,
				A320CA69183E365D00BCA05F /* AFURLRequestSerialization.h */,
				A320CA6A183E365D00BCA05F /* AFURLRequestSerialization.m */,
				A320CA6B183E365D00BCA05F /* AFURLResponseSerialization.h */,
				A320CA6C183E365D00BCA05F /* AFURLResponseSerialization.m */,
				A320CA6D183E365D00BCA05F /* AFURLSessionManager.h */,
				A320CA6E183E365D00BCA05F /* AFURLSessionManager.m */,
			);
			path = AFNetworking;
			sourceTree = "<group>";
		};
		A3C8B53D1830ED39007D569E /* External */ = {
			isa = PBXGroup;
			children = (
				95798E9E186285080049CF77 /* KIImagePager */,
				95A001011862388B008B18BD /* NSString+RSA */,
				A320CA5B183E365D00BCA05F /* AFNetworking */,
				A320CA44183E353100BCA05F /* UIKit+AFNetworking */,
				A3C8B5421830F6CF007D569E /* SVPullToRefresh */,
				A3C8B53E1830ED39007D569E /* MBProgressHUD */,
			);
			path = External;
			sourceTree = "<group>";
		};
		A3C8B53E1830ED39007D569E /* MBProgressHUD */ = {
			isa = PBXGroup;
			children = (
				A3C8B53F1830ED39007D569E /* MBProgressHUD.h */,
				A3C8B5401830ED39007D569E /* MBProgressHUD.m */,
			);
			path = MBProgressHUD;
			sourceTree = "<group>";
		};
		A3C8B5421830F6CF007D569E /* SVPullToRefresh */ = {
			isa = PBXGroup;
			children = (
				A3C8B5431830F6CF007D569E /* SVPullToRefresh.h */,
				A3C8B5441830F6CF007D569E /* UIScrollView+SVInfiniteScrolling.h */,
				A3C8B5451830F6CF007D569E /* UIScrollView+SVInfiniteScrolling.m */,
				A3C8B5461830F6CF007D569E /* UIScrollView+SVPullToRefresh.h */,
				A3C8B5471830F6CF007D569E /* UIScrollView+SVPullToRefresh.m */,
			);
			path = SVPullToRefresh;
			sourceTree = "<group>";
		};
/* End PBXGroup section */

/* Begin PBXNativeTarget section */
		A30D1DF8182A64BA00F35D4F /* iCampus */ = {
			isa = PBXNativeTarget;
			buildConfigurationList = A30D1E2B182A64BA00F35D4F /* Build configuration list for PBXNativeTarget "iCampus" */;
			buildPhases = (
				A30D1DF5182A64BA00F35D4F /* Sources */,
				A30D1DF6182A64BA00F35D4F /* Frameworks */,
				A30D1DF7182A64BA00F35D4F /* Resources */,
			);
			buildRules = (
			);
			dependencies = (
			);
			name = iCampus;
			productName = iCampus;
			productReference = A30D1DF9182A64BA00F35D4F /* iCampus.app */;
			productType = "com.apple.product-type.application";
		};
		A30D1E19182A64BA00F35D4F /* iCampusTests */ = {
			isa = PBXNativeTarget;
			buildConfigurationList = A30D1E2E182A64BA00F35D4F /* Build configuration list for PBXNativeTarget "iCampusTests" */;
			buildPhases = (
				A30D1E16182A64BA00F35D4F /* Sources */,
				A30D1E17182A64BA00F35D4F /* Frameworks */,
				A30D1E18182A64BA00F35D4F /* Resources */,
			);
			buildRules = (
			);
			dependencies = (
				A30D1E20182A64BA00F35D4F /* PBXTargetDependency */,
			);
			name = iCampusTests;
			productName = iCampusTests;
			productReference = A30D1E1A182A64BA00F35D4F /* iCampusTests.xctest */;
			productType = "com.apple.product-type.bundle.unit-test";
		};
/* End PBXNativeTarget section */

/* Begin PBXProject section */
		A30D1DF1182A64BA00F35D4F /* Project object */ = {
			isa = PBXProject;
			attributes = {
				CLASSPREFIX = IC;
				LastUpgradeCheck = 0500;
				ORGANIZATIONNAME = BISTU;
				TargetAttributes = {
					A30D1DF8182A64BA00F35D4F = {
						DevelopmentTeam = ZRU9NS7944;
					};
					A30D1E19182A64BA00F35D4F = {
						TestTargetID = A30D1DF8182A64BA00F35D4F;
					};
				};
			};
			buildConfigurationList = A30D1DF4182A64BA00F35D4F /* Build configuration list for PBXProject "iCampus" */;
			compatibilityVersion = "Xcode 3.2";
			developmentRegion = English;
			hasScannedForEncodings = 0;
			knownRegions = (
				en,
				Base,
			);
			mainGroup = A30D1DF0182A64BA00F35D4F;
			productRefGroup = A30D1DFA182A64BA00F35D4F /* Products */;
			projectDirPath = "";
			projectRoot = "";
			targets = (
				A30D1DF8182A64BA00F35D4F /* iCampus */,
				A30D1E19182A64BA00F35D4F /* iCampusTests */,
			);
		};
/* End PBXProject section */

/* Begin PBXResourcesBuildPhase section */
		A30D1DF7182A64BA00F35D4F /* Resources */ = {
			isa = PBXResourcesBuildPhase;
			buildActionMask = 2147483647;
			files = (
				95798EA3186285080049CF77 /* KICamera.png in Resources */,
				A30D1E15182A64BA00F35D4F /* Images.xcassets in Resources */,
				95A000AE1861F504008B18BD /* Main.storyboard in Resources */,
				95798EA4186285080049CF77 /* KICamera@2x.png in Resources */,
				A30D1E07182A64BA00F35D4F /* InfoPlist.strings in Resources */,
				95A000B618620B91008B18BD /* LICENSE in Resources */,
			);
			runOnlyForDeploymentPostprocessing = 0;
		};
		A30D1E18182A64BA00F35D4F /* Resources */ = {
			isa = PBXResourcesBuildPhase;
			buildActionMask = 2147483647;
			files = (
				A30D1E26182A64BA00F35D4F /* InfoPlist.strings in Resources */,
			);
			runOnlyForDeploymentPostprocessing = 0;
		};
/* End PBXResourcesBuildPhase section */

/* Begin PBXSourcesBuildPhase section */
		A30D1DF5182A64BA00F35D4F /* Sources */ = {
			isa = PBXSourcesBuildPhase;
			buildActionMask = 2147483647;
			files = (
				1C878B0718CDDACE00BEAC6B /* ICMapViewController.m in Sources */,
				95AC70C1185F473300C94B71 /* ICYellowPage.m in Sources */,
				95A000DF186214FA008B18BD /* ICSchoolDetail.m in Sources */,
				9508477F18658760008A4571 /* ICBusStationView.m in Sources */,
				95A000AA1861F4CD008B18BD /* ICAppDelegate.m in Sources */,
				952B5BFB1863FDBA009DDBB5 /* ICBusStationListCell.m in Sources */,
				1C878B0D18CDDFF100BEAC6B /* ICMap.m in Sources */,
				95AC70C2185F473300C94B71 /* ICYellowPageContact.m in Sources */,
				95798F331863093C0049CF77 /* ICBusCell.m in Sources */,
				95A001241862594E008B18BD /* ICNewsDetailViewController.m in Sources */,
				95798EA5186285080049CF77 /* KIImagePager.m in Sources */,
				95A000DB186214FA008B18BD /* ICBusListArray.m in Sources */,
				95A000E0186214FA008B18BD /* ICSchoolList.m in Sources */,
				95FF2841186ACBCD00B5C18A /* ICYellowPageListViewController.m in Sources */,
				A3C8B5481830F6CF007D569E /* UIScrollView+SVInfiniteScrolling.m in Sources */,
				95A001211862594E008B18BD /* ICBusViewController.m in Sources */,
				95A001221862594E008B18BD /* ICGateViewController.m in Sources */,
				A320CA75183E365D00BCA05F /* AFURLRequestSerialization.m in Sources */,
				95E4852A18941B75006402FD /* ICYellowPageDepartmentCell.m in Sources */,
				A320CA57183E353100BCA05F /* UIButton+AFNetworking.m in Sources */,
				957279AB1867375D007F3F01 /* ICSchoolListViewController.m in Sources */,
				A320CA5A183E353100BCA05F /* UIWebView+AFNetworking.m in Sources */,
				95A000DD186214FA008B18BD /* ICBusStationList.m in Sources */,
				95AC70B5185F473300C94B71 /* ICNewsDetail.m in Sources */,
				A320CA58183E353100BCA05F /* UIImageView+AFNetworking.m in Sources */,
				A320CA59183E353100BCA05F /* UIProgressView+AFNetworking.m in Sources */,
				95A00100186227D0008B18BD /* ICNewsChannelCell.m in Sources */,
				957279AE18673D45007F3F01 /* ICSchoolDetailViewController.m in Sources */,
				A3C8B5491830F6CF007D569E /* UIScrollView+SVPullToRefresh.m in Sources */,
				A320CA54183E353100BCA05F /* AFNetworkActivityIndicatorManager.m in Sources */,
				95A001081862388B008B18BD /* NSString+RSA.m in Sources */,
				95A000DE186214FA008B18BD /* ICSchool.m in Sources */,
				95AC70B3185F473300C94B71 /* ICNewsChannel.m in Sources */,
				95AC70B4185F473300C94B71 /* ICNewsChannelList.m in Sources */,
				A320CA73183E365D00BCA05F /* AFSecurityPolicy.m in Sources */,
				95A000DC186214FA008B18BD /* ICBusStation.m in Sources */,
				95E4852118940E8E006402FD /* ICYellowPageDepartment.m in Sources */,
				95AC70BE185F473300C94B71 /* ICUser.m in Sources */,
				95FF2844186ACFD300B5C18A /* ICYellowPageContactCell.m in Sources */,
				95AC70B7185F473300C94B71 /* ICNewsList.m in Sources */,
				95AC70AD185F473300C94B71 /* ICCampusList.m in Sources */,
				95A001251862594E008B18BD /* ICNewsListViewController.m in Sources */,
				A320CA77183E365D00BCA05F /* AFURLSessionManager.m in Sources */,
				A320CA74183E365D00BCA05F /* AFURLConnectionOperation.m in Sources */,
				95AC70B2185F473300C94B71 /* ICNews.m in Sources */,
				95A000DA186214FA008B18BD /* ICBusList.m in Sources */,
				A320CA72183E365D00BCA05F /* AFNetworkReachabilityManager.m in Sources */,
				95A0010D18623ED1008B18BD /* ICNewsDetailView.m in Sources */,
				A3C8B5411830ED39007D569E /* MBProgressHUD.m in Sources */,
				957279BA1867552A007F3F01 /* ICSchoolDetailView.m in Sources */,
				95A000D9186214FA008B18BD /* ICBus.m in Sources */,
				A320CA70183E365D00BCA05F /* AFHTTPRequestOperationManager.m in Sources */,
				95E48527189411DC006402FD /* ICYellowPageDepartmentList.m in Sources */,
				95E4852418940FE9006402FD /* ICYellowPageDepartmentViewController.m in Sources */,
				A320CA55183E353100BCA05F /* UIActivityIndicatorView+AFNetworking.m in Sources */,
				A320CA6F183E365D00BCA05F /* AFHTTPRequestOperation.m in Sources */,
				95A000EA186218A0008B18BD /* ICNewsCell.m in Sources */,
				95A001071862388B008B18BD /* Base64.m in Sources */,
				95A001231862594E008B18BD /* ICNewsChannelViewController.m in Sources */,
				A30D1E09182A64BA00F35D4F /* main.m in Sources */,
				A320CA56183E353100BCA05F /* UIAlertView+AFNetworking.m in Sources */,
				95AC70B6185F473300C94B71 /* ICNewsDetailAttachment.m in Sources */,
				A320CA71183E365D00BCA05F /* AFHTTPSessionManager.m in Sources */,
				95AC70AC185F473300C94B71 /* ICCampus.m in Sources */,
				A320CA76183E365D00BCA05F /* AFURLResponseSerialization.m in Sources */,
				957279B418674602007F3F01 /* ICSchoolCell.m in Sources */,
			);
			runOnlyForDeploymentPostprocessing = 0;
		};
		A30D1E16182A64BA00F35D4F /* Sources */ = {
			isa = PBXSourcesBuildPhase;
			buildActionMask = 2147483647;
			files = (
				A30D1E28182A64BA00F35D4F /* iCampusTests.m in Sources */,
			);
			runOnlyForDeploymentPostprocessing = 0;
		};
/* End PBXSourcesBuildPhase section */

/* Begin PBXTargetDependency section */
		A30D1E20182A64BA00F35D4F /* PBXTargetDependency */ = {
			isa = PBXTargetDependency;
			target = A30D1DF8182A64BA00F35D4F /* iCampus */;
			targetProxy = A30D1E1F182A64BA00F35D4F /* PBXContainerItemProxy */;
		};
/* End PBXTargetDependency section */

/* Begin PBXVariantGroup section */
		95A000AC1861F504008B18BD /* Main.storyboard */ = {
			isa = PBXVariantGroup;
			children = (
				95A000AD1861F504008B18BD /* Base */,
			);
			name = Main.storyboard;
			sourceTree = "<group>";
		};
		A30D1E05182A64BA00F35D4F /* InfoPlist.strings */ = {
			isa = PBXVariantGroup;
			children = (
				A30D1E06182A64BA00F35D4F /* en */,
			);
			name = InfoPlist.strings;
			sourceTree = "<group>";
		};
		A30D1E24182A64BA00F35D4F /* InfoPlist.strings */ = {
			isa = PBXVariantGroup;
			children = (
				A30D1E25182A64BA00F35D4F /* en */,
			);
			name = InfoPlist.strings;
			sourceTree = "<group>";
		};
/* End PBXVariantGroup section */

/* Begin XCBuildConfiguration section */
		A30D1E29182A64BA00F35D4F /* Debug */ = {
			isa = XCBuildConfiguration;
			buildSettings = {
				ALWAYS_SEARCH_USER_PATHS = NO;
				ARCHS = "$(ARCHS_STANDARD_INCLUDING_64_BIT)";
				CLANG_CXX_LANGUAGE_STANDARD = "gnu++0x";
				CLANG_CXX_LIBRARY = "libc++";
				CLANG_ENABLE_MODULES = YES;
				CLANG_ENABLE_OBJC_ARC = YES;
				CLANG_WARN_BOOL_CONVERSION = YES;
				CLANG_WARN_CONSTANT_CONVERSION = YES;
				CLANG_WARN_DIRECT_OBJC_ISA_USAGE = YES_ERROR;
				CLANG_WARN_EMPTY_BODY = YES;
				CLANG_WARN_ENUM_CONVERSION = YES;
				CLANG_WARN_INT_CONVERSION = YES;
				CLANG_WARN_OBJC_ROOT_CLASS = YES_ERROR;
				CLANG_WARN__DUPLICATE_METHOD_MATCH = YES;
				"CODE_SIGN_IDENTITY[sdk=iphoneos*]" = "iPhone Developer";
				COPY_PHASE_STRIP = NO;
				GCC_C_LANGUAGE_STANDARD = gnu99;
				GCC_DYNAMIC_NO_PIC = NO;
				GCC_OPTIMIZATION_LEVEL = 0;
				GCC_PREPROCESSOR_DEFINITIONS = (
					"DEBUG=1",
					"$(inherited)",
				);
				GCC_SYMBOLS_PRIVATE_EXTERN = NO;
				GCC_WARN_64_TO_32_BIT_CONVERSION = YES;
				GCC_WARN_ABOUT_RETURN_TYPE = YES_ERROR;
				GCC_WARN_UNDECLARED_SELECTOR = YES;
				GCC_WARN_UNINITIALIZED_AUTOS = YES;
				GCC_WARN_UNUSED_FUNCTION = YES;
				GCC_WARN_UNUSED_VARIABLE = YES;
				IPHONEOS_DEPLOYMENT_TARGET = 7.0;
				ONLY_ACTIVE_ARCH = YES;
				SDKROOT = iphoneos;
			};
			name = Debug;
		};
		A30D1E2A182A64BA00F35D4F /* Release */ = {
			isa = XCBuildConfiguration;
			buildSettings = {
				ALWAYS_SEARCH_USER_PATHS = NO;
				ARCHS = "$(ARCHS_STANDARD_INCLUDING_64_BIT)";
				CLANG_CXX_LANGUAGE_STANDARD = "gnu++0x";
				CLANG_CXX_LIBRARY = "libc++";
				CLANG_ENABLE_MODULES = YES;
				CLANG_ENABLE_OBJC_ARC = YES;
				CLANG_WARN_BOOL_CONVERSION = YES;
				CLANG_WARN_CONSTANT_CONVERSION = YES;
				CLANG_WARN_DIRECT_OBJC_ISA_USAGE = YES_ERROR;
				CLANG_WARN_EMPTY_BODY = YES;
				CLANG_WARN_ENUM_CONVERSION = YES;
				CLANG_WARN_INT_CONVERSION = YES;
				CLANG_WARN_OBJC_ROOT_CLASS = YES_ERROR;
				CLANG_WARN__DUPLICATE_METHOD_MATCH = YES;
				"CODE_SIGN_IDENTITY[sdk=iphoneos*]" = "iPhone Developer";
				COPY_PHASE_STRIP = YES;
				ENABLE_NS_ASSERTIONS = NO;
				GCC_C_LANGUAGE_STANDARD = gnu99;
				GCC_WARN_64_TO_32_BIT_CONVERSION = YES;
				GCC_WARN_ABOUT_RETURN_TYPE = YES_ERROR;
				GCC_WARN_UNDECLARED_SELECTOR = YES;
				GCC_WARN_UNINITIALIZED_AUTOS = YES;
				GCC_WARN_UNUSED_FUNCTION = YES;
				GCC_WARN_UNUSED_VARIABLE = YES;
				IPHONEOS_DEPLOYMENT_TARGET = 7.0;
				SDKROOT = iphoneos;
				VALIDATE_PRODUCT = YES;
			};
			name = Release;
		};
		A30D1E2C182A64BA00F35D4F /* Debug */ = {
			isa = XCBuildConfiguration;
			buildSettings = {
				ASSETCATALOG_COMPILER_APPICON_NAME = ICAppIcon;
				ASSETCATALOG_COMPILER_LAUNCHIMAGE_NAME = ICLaunchImage;
				CODE_SIGN_ENTITLEMENTS = iCampus/iCampus.entitlements;
				CODE_SIGN_IDENTITY = "iPhone Developer";
				"CODE_SIGN_IDENTITY[sdk=iphoneos*]" = "iPhone Developer";
				GCC_PRECOMPILE_PREFIX_HEADER = YES;
				GCC_PREFIX_HEADER = "iCampus/iCampus-Prefix.pch";
				INFOPLIST_FILE = "iCampus/iCampus-Info.plist";
				PRODUCT_NAME = "$(TARGET_NAME)";
				PROVISIONING_PROFILE = "";
				WRAPPER_EXTENSION = app;
			};
			name = Debug;
		};
		A30D1E2D182A64BA00F35D4F /* Release */ = {
			isa = XCBuildConfiguration;
			buildSettings = {
				ASSETCATALOG_COMPILER_APPICON_NAME = ICAppIcon;
				ASSETCATALOG_COMPILER_LAUNCHIMAGE_NAME = ICLaunchImage;
				CODE_SIGN_ENTITLEMENTS = iCampus/iCampus.entitlements;
				CODE_SIGN_IDENTITY = "iPhone Developer";
				"CODE_SIGN_IDENTITY[sdk=iphoneos*]" = "iPhone Developer";
				GCC_PRECOMPILE_PREFIX_HEADER = YES;
				GCC_PREFIX_HEADER = "iCampus/iCampus-Prefix.pch";
				INFOPLIST_FILE = "iCampus/iCampus-Info.plist";
				PRODUCT_NAME = "$(TARGET_NAME)";
				PROVISIONING_PROFILE = "";
				WRAPPER_EXTENSION = app;
			};
			name = Release;
		};
		A30D1E2F182A64BA00F35D4F /* Debug */ = {
			isa = XCBuildConfiguration;
			buildSettings = {
				ARCHS = "$(ARCHS_STANDARD_INCLUDING_64_BIT)";
				BUNDLE_LOADER = "$(BUILT_PRODUCTS_DIR)/iCampus.app/iCampus";
				FRAMEWORK_SEARCH_PATHS = (
					"$(SDKROOT)/Developer/Library/Frameworks",
					"$(inherited)",
					"$(DEVELOPER_FRAMEWORKS_DIR)",
				);
				GCC_PRECOMPILE_PREFIX_HEADER = YES;
				GCC_PREFIX_HEADER = "iCampus/iCampus-Prefix.pch";
				GCC_PREPROCESSOR_DEFINITIONS = (
					"DEBUG=1",
					"$(inherited)",
				);
				INFOPLIST_FILE = "iCampusTests/iCampusTests-Info.plist";
				PRODUCT_NAME = "$(TARGET_NAME)";
				TEST_HOST = "$(BUNDLE_LOADER)";
				WRAPPER_EXTENSION = xctest;
			};
			name = Debug;
		};
		A30D1E30182A64BA00F35D4F /* Release */ = {
			isa = XCBuildConfiguration;
			buildSettings = {
				ARCHS = "$(ARCHS_STANDARD_INCLUDING_64_BIT)";
				BUNDLE_LOADER = "$(BUILT_PRODUCTS_DIR)/iCampus.app/iCampus";
				FRAMEWORK_SEARCH_PATHS = (
					"$(SDKROOT)/Developer/Library/Frameworks",
					"$(inherited)",
					"$(DEVELOPER_FRAMEWORKS_DIR)",
				);
				GCC_PRECOMPILE_PREFIX_HEADER = YES;
				GCC_PREFIX_HEADER = "iCampus/iCampus-Prefix.pch";
				INFOPLIST_FILE = "iCampusTests/iCampusTests-Info.plist";
				PRODUCT_NAME = "$(TARGET_NAME)";
				TEST_HOST = "$(BUNDLE_LOADER)";
				WRAPPER_EXTENSION = xctest;
			};
			name = Release;
		};
/* End XCBuildConfiguration section */

/* Begin XCConfigurationList section */
		A30D1DF4182A64BA00F35D4F /* Build configuration list for PBXProject "iCampus" */ = {
			isa = XCConfigurationList;
			buildConfigurations = (
				A30D1E29182A64BA00F35D4F /* Debug */,
				A30D1E2A182A64BA00F35D4F /* Release */,
			);
			defaultConfigurationIsVisible = 0;
			defaultConfigurationName = Release;
		};
		A30D1E2B182A64BA00F35D4F /* Build configuration list for PBXNativeTarget "iCampus" */ = {
			isa = XCConfigurationList;
			buildConfigurations = (
				A30D1E2C182A64BA00F35D4F /* Debug */,
				A30D1E2D182A64BA00F35D4F /* Release */,
			);
			defaultConfigurationIsVisible = 0;
			defaultConfigurationName = Release;
		};
		A30D1E2E182A64BA00F35D4F /* Build configuration list for PBXNativeTarget "iCampusTests" */ = {
			isa = XCConfigurationList;
			buildConfigurations = (
				A30D1E2F182A64BA00F35D4F /* Debug */,
				A30D1E30182A64BA00F35D4F /* Release */,
			);
			defaultConfigurationIsVisible = 0;
			defaultConfigurationName = Release;
		};
/* End XCConfigurationList section */
	};
	rootObject = A30D1DF1182A64BA00F35D4F /* Project object */;
}
